{
  "version": 4,
  "terraform_version": "1.11.4",
  "serial": 33,
  "lineage": "eeecd4c2-31a1-fa75-dc2f-9b0ce34935b9",
  "outputs": {
    "public_ip_address": {
      "value": "52.178.100.34",
      "type": "string"
    }
  },
  "resources": [
    {
      "mode": "managed",
      "type": "azurerm_linux_virtual_machine",
      "name": "vm",
      "provider": "provider[\"registry.terraform.io/hashicorp/azurerm\"]",
      "instances": [
        {
          "schema_version": 0,
          "attributes": {
            "additional_capabilities": [],
            "admin_password": null,
            "admin_ssh_key": [
              {
                "public_key": "ssh-rsa AAAAB3NzaC1yc2EAAAADAQABAAACAQDEcPRHUOkfWiyfR/uqNUVNyCpC7GqkXsW7+3/ETFOPa8t4Y0dLTmmV37jUn50OwTbo6E0NRbLZqibzwb4YvrYyjC5aFWG8euUuYWNaG9VSsPhxigJgBxJdEQOsFxKiTR5eM5ok6xaaLbVperSNmv7WfXk4T3IWbrPoeWcDiZRnpU2OpWOOQahZiJkBk4W9mxr3+QU7LFt2KVqJF25IOpexKGtLlfL0rk7uRAYl7/UWNb9q76FdUz0fxMe14S45sRqh1D08lFi1l+L1i38AbnGus4I6YiKsCfaLeYaNAq07ExUv7hlwl6oohj7LupqxL2LwjknduFvUpxoUff2LfjNib25o3a9ZOnNCQqv60pW97xkavGWlCuvIDa/FAvkHqMk1iVlpe79oTK7A3zy50AhLPG5sljUd14IMTpUbIRgJv5Ay0z9s04OX1rSWN6kXUt9YUipWgzQTys+F5WldLidqODJG8G1ZSnXvPkIG/Q9+94EsBuCrr43OOoH9CEPLKDcwn06YH+G+c9QoBKAMdRQnfTPjcw+w2Dc7pKh3Uh5Dvm/qbY8cUoRJFu6ybNXDzMX0dlQMnFykFVNZkjPH6BWsuIw82iE0FLqwL1K0BOypmHtnNCW1aX9FQxvn6AGISNCz/uZxiJD7s9tPMTAH2q3K2tFIk7K1S+frrLzhfevyRw== tal@Yanai_Lep\r\n",
                "username": "taluser"
              }
            ],
            "admin_username": "taluser",
            "allow_extension_operations": true,
            "availability_set_id": "",
            "boot_diagnostics": [],
            "bypass_platform_safety_checks_on_user_schedule_enabled": false,
            "capacity_reservation_group_id": "",
            "computer_name": "cloudlab-vm",
            "custom_data": null,
            "dedicated_host_group_id": "",
            "dedicated_host_id": "",
            "disable_password_authentication": true,
            "disk_controller_type": "",
            "edge_zone": "",
            "encryption_at_host_enabled": false,
            "eviction_policy": "",
            "extensions_time_budget": "PT1H30M",
            "gallery_application": [],
            "id": "/subscriptions/bfbc5570-5427-4aac-bcbd-b62eb3e731ef/resourceGroups/cloudlab-dev-rg/providers/Microsoft.Compute/virtualMachines/cloudlab-vm",
            "identity": [],
            "license_type": "",
            "location": "westeurope",
            "max_bid_price": -1,
            "name": "cloudlab-vm",
            "network_interface_ids": [
              "/subscriptions/bfbc5570-5427-4aac-bcbd-b62eb3e731ef/resourceGroups/cloudlab-dev-rg/providers/Microsoft.Network/networkInterfaces/cloudlab-nic"
            ],
            "os_disk": [
              {
                "caching": "ReadWrite",
                "diff_disk_settings": [],
                "disk_encryption_set_id": "",
                "disk_size_gb": 30,
                "id": "/subscriptions/bfbc5570-5427-4aac-bcbd-b62eb3e731ef/resourceGroups/cloudlab-dev-rg/providers/Microsoft.Compute/disks/cloudlab-vm_OsDisk_1_322df3dda1a64b14b1a9753f99f49521",
                "name": "cloudlab-vm_OsDisk_1_322df3dda1a64b14b1a9753f99f49521",
                "secure_vm_disk_encryption_set_id": "",
                "security_encryption_type": "",
                "storage_account_type": "Standard_LRS",
                "write_accelerator_enabled": false
              }
            ],
            "os_image_notification": [],
            "patch_assessment_mode": "ImageDefault",
            "patch_mode": "ImageDefault",
            "plan": [],
            "platform_fault_domain": -1,
            "priority": "Regular",
            "private_ip_address": "10.0.1.4",
            "private_ip_addresses": [
              "10.0.1.4"
            ],
            "provision_vm_agent": true,
            "proximity_placement_group_id": "",
            "public_ip_address": "52.178.100.34",
            "public_ip_addresses": [
              "52.178.100.34"
            ],
            "reboot_setting": "",
            "resource_group_name": "cloudlab-dev-rg",
            "secret": [],
            "secure_boot_enabled": false,
            "size": "Standard_B1s",
            "source_image_id": "",
            "source_image_reference": [
              {
                "offer": "0001-com-ubuntu-server-focal",
                "publisher": "Canonical",
                "sku": "20_04-lts",
                "version": "latest"
              }
            ],
            "tags": {
              "environment": "CloudLab",
              "project": "DevOps Portfolio"
            },
            "termination_notification": null,
            "timeouts": null,
            "user_data": "",
            "virtual_machine_id": "f0180c11-bc91-47b9-8662-555280109325",
            "virtual_machine_scale_set_id": "",
            "vm_agent_platform_updates_enabled": false,
            "vtpm_enabled": false,
            "zone": ""
          },
          "sensitive_attributes": [
            [
              {
                "type": "get_attr",
                "value": "custom_data"
              }
            ],
            [
              {
                "type": "get_attr",
                "value": "admin_password"
              }
            ]
          ],
          "private": "eyJlMmJmYjczMC1lY2FhLTExZTYtOGY4OC0zNDM2M2JjN2M0YzAiOnsiY3JlYXRlIjoyNzAwMDAwMDAwMDAwLCJkZWxldGUiOjI3MDAwMDAwMDAwMDAsInJlYWQiOjMwMDAwMDAwMDAwMCwidXBkYXRlIjoyNzAwMDAwMDAwMDAwfX0=",
          "dependencies": [
            "azurerm_network_interface.nic",
            "azurerm_public_ip.public_ip",
            "azurerm_resource_group.rg",
            "azurerm_subnet.subnet",
            "azurerm_virtual_network.vnet"
          ]
        }
      ]
    },
    {
      "mode": "managed",
      "type": "azurerm_network_interface",
      "name": "nic",
      "provider": "provider[\"registry.terraform.io/hashicorp/azurerm\"]",
      "instances": [
        {
          "schema_version": 0,
          "attributes": {
            "accelerated_networking_enabled": false,
            "applied_dns_servers": [],
            "auxiliary_mode": "",
            "auxiliary_sku": "",
            "dns_servers": null,
            "edge_zone": "",
            "id": "/subscriptions/bfbc5570-5427-4aac-bcbd-b62eb3e731ef/resourceGroups/cloudlab-dev-rg/providers/Microsoft.Network/networkInterfaces/cloudlab-nic",
            "internal_dns_name_label": "",
            "internal_domain_name_suffix": "4ecyoph5gmsezazf435xymf2wd.ax.internal.cloudapp.net",
            "ip_configuration": [
              {
                "gateway_load_balancer_frontend_ip_configuration_id": "",
                "name": "internal",
                "primary": true,
                "private_ip_address": "10.0.1.4",
                "private_ip_address_allocation": "Dynamic",
                "private_ip_address_version": "IPv4",
                "public_ip_address_id": "/subscriptions/bfbc5570-5427-4aac-bcbd-b62eb3e731ef/resourceGroups/cloudlab-dev-rg/providers/Microsoft.Network/publicIPAddresses/cloudlab-public-ip",
                "subnet_id": "/subscriptions/bfbc5570-5427-4aac-bcbd-b62eb3e731ef/resourceGroups/cloudlab-dev-rg/providers/Microsoft.Network/virtualNetworks/cloudlab-vnet/subnets/cloudlab-subnet"
              }
            ],
            "ip_forwarding_enabled": false,
            "location": "westeurope",
            "mac_address": "",
            "name": "cloudlab-nic",
            "private_ip_address": "10.0.1.4",
            "private_ip_addresses": [
              "10.0.1.4"
            ],
            "resource_group_name": "cloudlab-dev-rg",
            "tags": {
              "environment": "CloudLab",
              "project": "DevOps Portfolio"
            },
            "timeouts": null,
            "virtual_machine_id": ""
          },
          "sensitive_attributes": [],
          "private": "eyJlMmJmYjczMC1lY2FhLTExZTYtOGY4OC0zNDM2M2JjN2M0YzAiOnsiY3JlYXRlIjoxODAwMDAwMDAwMDAwLCJkZWxldGUiOjE4MDAwMDAwMDAwMDAsInJlYWQiOjMwMDAwMDAwMDAwMCwidXBkYXRlIjoxODAwMDAwMDAwMDAwfX0=",
          "dependencies": [
            "azurerm_public_ip.public_ip",
            "azurerm_resource_group.rg",
            "azurerm_subnet.subnet",
            "azurerm_virtual_network.vnet"
          ]
        }
      ]
    },
    {
      "mode": "managed",
      "type": "azurerm_network_security_group",
      "name": "nsg",
      "provider": "provider[\"registry.terraform.io/hashicorp/azurerm\"]",
      "instances": [
        {
          "schema_version": 0,
          "attributes": {
            "id": "/subscriptions/bfbc5570-5427-4aac-bcbd-b62eb3e731ef/resourceGroups/cloudlab-dev-rg/providers/Microsoft.Network/networkSecurityGroups/cloudlab-nsg",
            "location": "westeurope",
            "name": "cloudlab-nsg",
            "resource_group_name": "cloudlab-dev-rg",
            "security_rule": [
              {
                "access": "Allow",
                "description": "",
                "destination_address_prefix": "*",
                "destination_address_prefixes": [],
                "destination_application_security_group_ids": [],
                "destination_port_range": "22",
                "destination_port_ranges": [],
                "direction": "Inbound",
                "name": "SSH",
                "priority": 1001,
                "protocol": "Tcp",
                "source_address_prefix": "*",
                "source_address_prefixes": [],
                "source_application_security_group_ids": [],
                "source_port_range": "*",
                "source_port_ranges": []
              },
              {
                "access": "Allow",
                "description": "",
                "destination_address_prefix": "*",
                "destination_address_prefixes": [],
                "destination_application_security_group_ids": [],
                "destination_port_range": "8080",
                "destination_port_ranges": [],
                "direction": "Inbound",
                "name": "HTTP-Dev",
                "priority": 1002,
                "protocol": "Tcp",
                "source_address_prefix": "*",
                "source_address_prefixes": [],
                "source_application_security_group_ids": [],
                "source_port_range": "*",
                "source_port_ranges": []
              }
            ],
            "tags": {
              "environment": "CloudLab",
              "project": "DevOps Portfolio"
            },
            "timeouts": null
          },
          "sensitive_attributes": [],
          "private": "eyJlMmJmYjczMC1lY2FhLTExZTYtOGY4OC0zNDM2M2JjN2M0YzAiOnsiY3JlYXRlIjoxODAwMDAwMDAwMDAwLCJkZWxldGUiOjE4MDAwMDAwMDAwMDAsInJlYWQiOjMwMDAwMDAwMDAwMCwidXBkYXRlIjoxODAwMDAwMDAwMDAwfX0=",
          "dependencies": [
            "azurerm_resource_group.rg"
          ]
        }
      ]
    },
    {
      "mode": "managed",
      "type": "azurerm_public_ip",
      "name": "public_ip",
      "provider": "provider[\"registry.terraform.io/hashicorp/azurerm\"]",
      "instances": [
        {
          "schema_version": 0,
          "attributes": {
            "allocation_method": "Static",
            "ddos_protection_mode": "VirtualNetworkInherited",
            "ddos_protection_plan_id": null,
            "domain_name_label": null,
            "domain_name_label_scope": null,
            "edge_zone": "",
            "fqdn": null,
            "id": "/subscriptions/bfbc5570-5427-4aac-bcbd-b62eb3e731ef/resourceGroups/cloudlab-dev-rg/providers/Microsoft.Network/publicIPAddresses/cloudlab-public-ip",
            "idle_timeout_in_minutes": 4,
            "ip_address": "52.178.100.34",
            "ip_tags": null,
            "ip_version": "IPv4",
            "location": "westeurope",
            "name": "cloudlab-public-ip",
            "public_ip_prefix_id": null,
            "resource_group_name": "cloudlab-dev-rg",
            "reverse_fqdn": null,
            "sku": "Standard",
            "sku_tier": "Regional",
            "tags": {
              "environment": "CloudLab",
              "project": "DevOps Portfolio"
            },
            "timeouts": null,
            "zones": null
          },
          "sensitive_attributes": [],
          "private": "eyJlMmJmYjczMC1lY2FhLTExZTYtOGY4OC0zNDM2M2JjN2M0YzAiOnsiY3JlYXRlIjoxODAwMDAwMDAwMDAwLCJkZWxldGUiOjE4MDAwMDAwMDAwMDAsInJlYWQiOjMwMDAwMDAwMDAwMCwidXBkYXRlIjoxODAwMDAwMDAwMDAwfX0=",
          "dependencies": [
            "azurerm_resource_group.rg"
          ]
        }
      ]
    },
    {
      "mode": "managed",
      "type": "azurerm_resource_group",
      "name": "rg",
      "provider": "provider[\"registry.terraform.io/hashicorp/azurerm\"]",
      "instances": [
        {
          "schema_version": 0,
          "attributes": {
            "id": "/subscriptions/bfbc5570-5427-4aac-bcbd-b62eb3e731ef/resourceGroups/cloudlab-dev-rg",
            "location": "westeurope",
            "managed_by": "",
            "name": "cloudlab-dev-rg",
            "tags": {
              "environment": "CloudLab",
              "project": "DevOps Portfolio"
            },
            "timeouts": null
          },
          "sensitive_attributes": [],
          "private": "eyJlMmJmYjczMC1lY2FhLTExZTYtOGY4OC0zNDM2M2JjN2M0YzAiOnsiY3JlYXRlIjo1NDAwMDAwMDAwMDAwLCJkZWxldGUiOjU0MDAwMDAwMDAwMDAsInJlYWQiOjMwMDAwMDAwMDAwMCwidXBkYXRlIjo1NDAwMDAwMDAwMDAwfX0="
        }
      ]
    },
    {
      "mode": "managed",
      "type": "azurerm_subnet",
      "name": "subnet",
      "provider": "provider[\"registry.terraform.io/hashicorp/azurerm\"]",
      "instances": [
        {
          "schema_version": 0,
          "attributes": {
            "address_prefixes": [
              "10.0.1.0/24"
            ],
            "default_outbound_access_enabled": true,
            "delegation": [],
            "id": "/subscriptions/bfbc5570-5427-4aac-bcbd-b62eb3e731ef/resourceGroups/cloudlab-dev-rg/providers/Microsoft.Network/virtualNetworks/cloudlab-vnet/subnets/cloudlab-subnet",
            "name": "cloudlab-subnet",
            "private_endpoint_network_policies": "Disabled",
            "private_link_service_network_policies_enabled": true,
            "resource_group_name": "cloudlab-dev-rg",
            "service_endpoint_policy_ids": null,
            "service_endpoints": null,
            "timeouts": null,
            "virtual_network_name": "cloudlab-vnet"
          },
          "sensitive_attributes": [],
          "private": "eyJlMmJmYjczMC1lY2FhLTExZTYtOGY4OC0zNDM2M2JjN2M0YzAiOnsiY3JlYXRlIjoxODAwMDAwMDAwMDAwLCJkZWxldGUiOjE4MDAwMDAwMDAwMDAsInJlYWQiOjMwMDAwMDAwMDAwMCwidXBkYXRlIjoxODAwMDAwMDAwMDAwfX0=",
          "dependencies": [
            "azurerm_resource_group.rg",
            "azurerm_virtual_network.vnet"
          ]
        }
      ]
    },
    {
      "mode": "managed",
      "type": "azurerm_subnet_network_security_group_association",
      "name": "subnet_nsg",
      "provider": "provider[\"registry.terraform.io/hashicorp/azurerm\"]",
      "instances": [
        {
          "schema_version": 0,
          "attributes": {
            "id": "/subscriptions/bfbc5570-5427-4aac-bcbd-b62eb3e731ef/resourceGroups/cloudlab-dev-rg/providers/Microsoft.Network/virtualNetworks/cloudlab-vnet/subnets/cloudlab-subnet",
            "network_security_group_id": "/subscriptions/bfbc5570-5427-4aac-bcbd-b62eb3e731ef/resourceGroups/cloudlab-dev-rg/providers/Microsoft.Network/networkSecurityGroups/cloudlab-nsg",
            "subnet_id": "/subscriptions/bfbc5570-5427-4aac-bcbd-b62eb3e731ef/resourceGroups/cloudlab-dev-rg/providers/Microsoft.Network/virtualNetworks/cloudlab-vnet/subnets/cloudlab-subnet",
            "timeouts": null
          },
          "sensitive_attributes": [],
          "private": "eyJlMmJmYjczMC1lY2FhLTExZTYtOGY4OC0zNDM2M2JjN2M0YzAiOnsiY3JlYXRlIjoxODAwMDAwMDAwMDAwLCJkZWxldGUiOjE4MDAwMDAwMDAwMDAsInJlYWQiOjMwMDAwMDAwMDAwMH19",
          "dependencies": [
            "azurerm_network_security_group.nsg",
            "azurerm_resource_group.rg",
            "azurerm_subnet.subnet",
            "azurerm_virtual_network.vnet"
          ]
        }
      ]
    },
    {
      "mode": "managed",
      "type": "azurerm_virtual_network",
      "name": "vnet",
      "provider": "provider[\"registry.terraform.io/hashicorp/azurerm\"]",
      "instances": [
        {
          "schema_version": 0,
          "attributes": {
            "address_space": [
              "10.0.0.0/16"
            ],
            "bgp_community": "",
            "ddos_protection_plan": [],
            "dns_servers": [],
            "edge_zone": "",
            "encryption": [],
            "flow_timeout_in_minutes": 0,
            "guid": "3c8705f1-33ff-4c24-8325-f77f7c30bcb3",
            "id": "/subscriptions/bfbc5570-5427-4aac-bcbd-b62eb3e731ef/resourceGroups/cloudlab-dev-rg/providers/Microsoft.Network/virtualNetworks/cloudlab-vnet",
            "location": "westeurope",
            "name": "cloudlab-vnet",
            "private_endpoint_vnet_policies": "Disabled",
            "resource_group_name": "cloudlab-dev-rg",
            "subnet": [],
            "tags": {
              "environment": "CloudLab",
              "project": "DevOps Portfolio"
            },
            "timeouts": null
          },
          "sensitive_attributes": [],
          "private": "eyJlMmJmYjczMC1lY2FhLTExZTYtOGY4OC0zNDM2M2JjN2M0YzAiOnsiY3JlYXRlIjoxODAwMDAwMDAwMDAwLCJkZWxldGUiOjE4MDAwMDAwMDAwMDAsInJlYWQiOjMwMDAwMDAwMDAwMCwidXBkYXRlIjoxODAwMDAwMDAwMDAwfX0=",
          "dependencies": [
            "azurerm_resource_group.rg"
          ]
        }
      ]
    }
  ],
  "check_results": null
}
